PODS:
  - CustomUIKit (0.0.1):
    - HMSegmentedControl
  - HMSegmentedControl (1.5.2)
  - Masonry (0.6.4)
  - UIKit+CUAddtion (0.0.1)

DEPENDENCIES:
  - CustomUIKit (from `../`)
  - Masonry (~> 0.6.1)
  - UIKit+CUAddtion (~> 0.0.1)

EXTERNAL SOURCES:
  CustomUIKit:
    :path: ../

SPEC CHECKSUMS:
  CustomUIKit: 72346a21a55d9f24d9536e46820af5c3ba5fcbf5
  HMSegmentedControl: 83b9686022d2176fb6457d2bdb61e5d6393fed7d
  Masonry: 281802d04d787ea2973179ee8bcb50500579ede2
  UIKit+CUAddtion: af163884627d01b39f3bac4b894f589190939bd4

COCOAPODS: 0.39.0
